// !$*UTF8*$!
{
	archiveVersion = 1;
	classes = {
	};
	objectVersion = 53;
	objects = {

/* Begin PBXBuildFile section */
		5B08002424764F23007F6AB7 /* DuaView.swift in Sources */ = {isa = PBXBuildFile; fileRef = 5B08002324764F23007F6AB7 /* DuaView.swift */; };
		5B08002624764F39007F6AB7 /* SettingView.swift in Sources */ = {isa = PBXBuildFile; fileRef = 5B08002524764F39007F6AB7 /* SettingView.swift */; };
		5B080028247657D9007F6AB7 /* ModalSetting.swift in Sources */ = {isa = PBXBuildFile; fileRef = 5B080027247657D9007F6AB7 /* ModalSetting.swift */; };
		5B0B9B3B246D101C00D9BA7F /* AppDelegate.swift in Sources */ = {isa = PBXBuildFile; fileRef = 5B0B9B3A246D101C00D9BA7F /* AppDelegate.swift */; };
		5B0B9B3D246D101C00D9BA7F /* SceneDelegate.swift in Sources */ = {isa = PBXBuildFile; fileRef = 5B0B9B3C246D101C00D9BA7F /* SceneDelegate.swift */; };
		5B0B9B3F246D101C00D9BA7F /* ContentView.swift in Sources */ = {isa = PBXBuildFile; fileRef = 5B0B9B3E246D101C00D9BA7F /* ContentView.swift */; };
		5B0B9B44246D102300D9BA7F /* Preview Assets.xcassets in Resources */ = {isa = PBXBuildFile; fileRef = 5B0B9B43246D102300D9BA7F /* Preview Assets.xcassets */; };
		5B0B9B47246D102300D9BA7F /* LaunchScreen.storyboard in Resources */ = {isa = PBXBuildFile; fileRef = 5B0B9B45246D102300D9BA7F /* LaunchScreen.storyboard */; };
		5B0B9B6C246D4C7000D9BA7F /* Adhan in Frameworks */ = {isa = PBXBuildFile; productRef = 5B0B9B6B246D4C7000D9BA7F /* Adhan */; };
		5B9C83A7247512CA005A7F69 /* Montserrat-Black.ttf in Resources */ = {isa = PBXBuildFile; fileRef = 5B9C83A6247512CA005A7F69 /* Montserrat-Black.ttf */; };
		5B9C83A924751324005A7F69 /* Montserrat-Medium.ttf in Resources */ = {isa = PBXBuildFile; fileRef = 5B9C83A824751324005A7F69 /* Montserrat-Medium.ttf */; };
		5B9C83AD24756E2B005A7F69 /* Assets.xcassets in Resources */ = {isa = PBXBuildFile; fileRef = 5B9C83AC24756E2B005A7F69 /* Assets.xcassets */; };
		5B9C83B12475A4B8005A7F69 /* TableVeiw.swift in Sources */ = {isa = PBXBuildFile; fileRef = 5B9C83B02475A4B8005A7F69 /* TableVeiw.swift */; };
		9CAD666E2472F2C2002F8AFF /* PrayerManager.swift in Sources */ = {isa = PBXBuildFile; fileRef = 9CAD666D2472F2C2002F8AFF /* PrayerManager.swift */; };
		9CAD66752472F7B0002F8AFF /* Prayers.swift in Sources */ = {isa = PBXBuildFile; fileRef = 9CAD66742472F7B0002F8AFF /* Prayers.swift */; };
		9CB54AF824741C2100DB8795 /* Adhan+extension.swift in Sources */ = {isa = PBXBuildFile; fileRef = 9CB54AF724741C2100DB8795 /* Adhan+extension.swift */; };
		9CB54AFA2474248E00DB8795 /* StringInterpolation+extension.swift in Sources */ = {isa = PBXBuildFile; fileRef = 9CB54AF92474248E00DB8795 /* StringInterpolation+extension.swift */; };
/* End PBXBuildFile section */

/* Begin PBXFileReference section */
		5B08002324764F23007F6AB7 /* DuaView.swift */ = {isa = PBXFileReference; lastKnownFileType = sourcecode.swift; path = DuaView.swift; sourceTree = "<group>"; };
		5B08002524764F39007F6AB7 /* SettingView.swift */ = {isa = PBXFileReference; lastKnownFileType = sourcecode.swift; path = SettingView.swift; sourceTree = "<group>"; };
		5B080027247657D9007F6AB7 /* ModalSetting.swift */ = {isa = PBXFileReference; lastKnownFileType = sourcecode.swift; path = ModalSetting.swift; sourceTree = "<group>"; };
		5B0B9B37246D101C00D9BA7F /* Namaz.app */ = {isa = PBXFileReference; explicitFileType = wrapper.application; includeInIndex = 0; path = Namaz.app; sourceTree = BUILT_PRODUCTS_DIR; };
		5B0B9B3A246D101C00D9BA7F /* AppDelegate.swift */ = {isa = PBXFileReference; lastKnownFileType = sourcecode.swift; path = AppDelegate.swift; sourceTree = "<group>"; };
		5B0B9B3C246D101C00D9BA7F /* SceneDelegate.swift */ = {isa = PBXFileReference; lastKnownFileType = sourcecode.swift; path = SceneDelegate.swift; sourceTree = "<group>"; };
		5B0B9B3E246D101C00D9BA7F /* ContentView.swift */ = {isa = PBXFileReference; lastKnownFileType = sourcecode.swift; path = ContentView.swift; sourceTree = "<group>"; wrapsLines = 1; };
		5B0B9B43246D102300D9BA7F /* Preview Assets.xcassets */ = {isa = PBXFileReference; lastKnownFileType = folder.assetcatalog; path = "Preview Assets.xcassets"; sourceTree = "<group>"; };
		5B0B9B46246D102300D9BA7F /* Base */ = {isa = PBXFileReference; lastKnownFileType = file.storyboard; name = Base; path = Base.lproj/LaunchScreen.storyboard; sourceTree = "<group>"; };
		5B0B9B48246D102300D9BA7F /* Info.plist */ = {isa = PBXFileReference; lastKnownFileType = text.plist.xml; path = Info.plist; sourceTree = "<group>"; };
		5B9C83A6247512CA005A7F69 /* Montserrat-Black.ttf */ = {isa = PBXFileReference; lastKnownFileType = file; path = "Montserrat-Black.ttf"; sourceTree = "<group>"; };
		5B9C83A824751324005A7F69 /* Montserrat-Medium.ttf */ = {isa = PBXFileReference; lastKnownFileType = file; path = "Montserrat-Medium.ttf"; sourceTree = "<group>"; };
		5B9C83AC24756E2B005A7F69 /* Assets.xcassets */ = {isa = PBXFileReference; lastKnownFileType = folder.assetcatalog; path = Assets.xcassets; sourceTree = "<group>"; };
		5B9C83B02475A4B8005A7F69 /* TableVeiw.swift */ = {isa = PBXFileReference; lastKnownFileType = sourcecode.swift; path = TableVeiw.swift; sourceTree = "<group>"; };
		9CAD666D2472F2C2002F8AFF /* PrayerManager.swift */ = {isa = PBXFileReference; lastKnownFileType = sourcecode.swift; path = PrayerManager.swift; sourceTree = "<group>"; };
		9CAD66742472F7B0002F8AFF /* Prayers.swift */ = {isa = PBXFileReference; lastKnownFileType = sourcecode.swift; path = Prayers.swift; sourceTree = "<group>"; };
		9CB54AF724741C2100DB8795 /* Adhan+extension.swift */ = {isa = PBXFileReference; lastKnownFileType = sourcecode.swift; path = "Adhan+extension.swift"; sourceTree = "<group>"; };
		9CB54AF92474248E00DB8795 /* StringInterpolation+extension.swift */ = {isa = PBXFileReference; lastKnownFileType = sourcecode.swift; path = "StringInterpolation+extension.swift"; sourceTree = "<group>"; };
/* End PBXFileReference section */

/* Begin PBXFrameworksBuildPhase section */
		5B0B9B34246D101C00D9BA7F /* Frameworks */ = {
			isa = PBXFrameworksBuildPhase;
			buildActionMask = 2147483647;
			files = (
				5B0B9B6C246D4C7000D9BA7F /* Adhan in Frameworks */,
			);
			runOnlyForDeploymentPostprocessing = 0;
		};
/* End PBXFrameworksBuildPhase section */

/* Begin PBXGroup section */
		5B0B9B2E246D101C00D9BA7F = {
			isa = PBXGroup;
			children = (
				5B9C83A824751324005A7F69 /* Montserrat-Medium.ttf */,
				5B9C83A6247512CA005A7F69 /* Montserrat-Black.ttf */,
				5B0B9B39246D101C00D9BA7F /* Namaz */,
				5B0B9B38246D101C00D9BA7F /* Products */,
			);
			sourceTree = "<group>";
		};
		5B0B9B38246D101C00D9BA7F /* Products */ = {
			isa = PBXGroup;
			children = (
				5B0B9B37246D101C00D9BA7F /* Namaz.app */,
			);
			name = Products;
			sourceTree = "<group>";
		};
		5B0B9B39246D101C00D9BA7F /* Namaz */ = {
			isa = PBXGroup;
			children = (
				9CAD666B2472F29E002F8AFF /* App */,
				9CAD66692472F277002F8AFF /* Managers */,
				9CAD666C2472F2AC002F8AFF /* UI */,
				9CB54AF524741BB400DB8795 /* Extension */,
				9CB54AF624741BCB00DB8795 /* SupportedFiles */,
				5B0B9B42246D102300D9BA7F /* Preview Content */,
			);
			path = Namaz;
			sourceTree = "<group>";
		};
		5B0B9B42246D102300D9BA7F /* Preview Content */ = {
			isa = PBXGroup;
			children = (
				5B0B9B43246D102300D9BA7F /* Preview Assets.xcassets */,
			);
			path = "Preview Content";
			sourceTree = "<group>";
		};
		9CAD66692472F277002F8AFF /* Managers */ = {
			isa = PBXGroup;
			children = (
				9CAD666A2472F28A002F8AFF /* TimeManager */,
			);
			path = Managers;
			sourceTree = "<group>";
		};
		9CAD666A2472F28A002F8AFF /* TimeManager */ = {
			isa = PBXGroup;
			children = (
				9CAD66742472F7B0002F8AFF /* Prayers.swift */,
				9CAD666D2472F2C2002F8AFF /* PrayerManager.swift */,
			);
			path = TimeManager;
			sourceTree = "<group>";
		};
		9CAD666B2472F29E002F8AFF /* App */ = {
			isa = PBXGroup;
			children = (
				5B0B9B3A246D101C00D9BA7F /* AppDelegate.swift */,
				5B0B9B3C246D101C00D9BA7F /* SceneDelegate.swift */,
			);
			path = App;
			sourceTree = "<group>";
		};
		9CAD666C2472F2AC002F8AFF /* UI */ = {
			isa = PBXGroup;
			children = (
				5B0B9B3E246D101C00D9BA7F /* ContentView.swift */,
				5B080027247657D9007F6AB7 /* ModalSetting.swift */,
				5B08002324764F23007F6AB7 /* DuaView.swift */,
				5B08002524764F39007F6AB7 /* SettingView.swift */,
				5B9C83B02475A4B8005A7F69 /* TableVeiw.swift */,
			);
			path = UI;
			sourceTree = "<group>";
		};
		9CB54AF524741BB400DB8795 /* Extension */ = {
			isa = PBXGroup;
			children = (
				9CB54AF724741C2100DB8795 /* Adhan+extension.swift */,
				9CB54AF92474248E00DB8795 /* StringInterpolation+extension.swift */,
			);
			path = Extension;
			sourceTree = "<group>";
		};
		9CB54AF624741BCB00DB8795 /* SupportedFiles */ = {
			isa = PBXGroup;
			children = (
				5B0B9B45246D102300D9BA7F /* LaunchScreen.storyboard */,
				5B9C83AC24756E2B005A7F69 /* Assets.xcassets */,
				5B0B9B48246D102300D9BA7F /* Info.plist */,
			);
			path = SupportedFiles;
			sourceTree = "<group>";
		};
/* End PBXGroup section */

/* Begin PBXNativeTarget section */
		5B0B9B36246D101C00D9BA7F /* Namaz */ = {
			isa = PBXNativeTarget;
			buildConfigurationList = 5B0B9B61246D102300D9BA7F /* Build configuration list for PBXNativeTarget "Namaz" */;
			buildPhases = (
				5B0B9B33246D101C00D9BA7F /* Sources */,
				5B0B9B34246D101C00D9BA7F /* Frameworks */,
				5B0B9B35246D101C00D9BA7F /* Resources */,
			);
			buildRules = (
			);
			dependencies = (
			);
			name = Namaz;
			packageProductDependencies = (
				5B0B9B6B246D4C7000D9BA7F /* Adhan */,
			);
			productName = Namaz;
			productReference = 5B0B9B37246D101C00D9BA7F /* Namaz.app */;
			productType = "com.apple.product-type.application";
		};
/* End PBXNativeTarget section */

/* Begin PBXProject section */
		5B0B9B2F246D101C00D9BA7F /* Project object */ = {
			isa = PBXProject;
			attributes = {
				LastSwiftUpdateCheck = 1140;
				LastUpgradeCheck = 1140;
				ORGANIZATIONNAME = "Камиль Зиязетдинов";
				TargetAttributes = {
					5B0B9B36246D101C00D9BA7F = {
						CreatedOnToolsVersion = 11.4.1;
					};
				};
			};
			buildConfigurationList = 5B0B9B32246D101C00D9BA7F /* Build configuration list for PBXProject "Namaz" */;
			compatibilityVersion = "Xcode 11.4";
			developmentRegion = en;
			hasScannedForEncodings = 0;
			knownRegions = (
				en,
				Base,
			);
			mainGroup = 5B0B9B2E246D101C00D9BA7F;
			packageReferences = (
				5B0B9B6A246D4C7000D9BA7F /* XCRemoteSwiftPackageReference "adhan-swift" */,
			);
			productRefGroup = 5B0B9B38246D101C00D9BA7F /* Products */;
			projectDirPath = "";
			projectRoot = "";
			targets = (
				5B0B9B36246D101C00D9BA7F /* Namaz */,
			);
		};
/* End PBXProject section */

/* Begin PBXResourcesBuildPhase section */
		5B0B9B35246D101C00D9BA7F /* Resources */ = {
			isa = PBXResourcesBuildPhase;
			buildActionMask = 2147483647;
			files = (
				5B9C83A924751324005A7F69 /* Montserrat-Medium.ttf in Resources */,
				5B9C83A7247512CA005A7F69 /* Montserrat-Black.ttf in Resources */,
				5B0B9B47246D102300D9BA7F /* LaunchScreen.storyboard in Resources */,
				5B0B9B44246D102300D9BA7F /* Preview Assets.xcassets in Resources */,
				5B9C83AD24756E2B005A7F69 /* Assets.xcassets in Resources */,
			);
			runOnlyForDeploymentPostprocessing = 0;
		};
/* End PBXResourcesBuildPhase section */

/* Begin PBXSourcesBuildPhase section */
		5B0B9B33246D101C00D9BA7F /* Sources */ = {
			isa = PBXSourcesBuildPhase;
			buildActionMask = 2147483647;
			files = (
				5B0B9B3B246D101C00D9BA7F /* AppDelegate.swift in Sources */,
				5B08002624764F39007F6AB7 /* SettingView.swift in Sources */,
				5B0B9B3D246D101C00D9BA7F /* SceneDelegate.swift in Sources */,
				9CB54AF824741C2100DB8795 /* Adhan+extension.swift in Sources */,
				9CAD666E2472F2C2002F8AFF /* PrayerManager.swift in Sources */,
				9CB54AFA2474248E00DB8795 /* StringInterpolation+extension.swift in Sources */,
				5B080028247657D9007F6AB7 /* ModalSetting.swift in Sources */,
				5B9C83B12475A4B8005A7F69 /* TableVeiw.swift in Sources */,
				9CAD66752472F7B0002F8AFF /* Prayers.swift in Sources */,
				5B0B9B3F246D101C00D9BA7F /* ContentView.swift in Sources */,
				5B08002424764F23007F6AB7 /* DuaView.swift in Sources */,
			);
			runOnlyForDeploymentPostprocessing = 0;
		};
/* End PBXSourcesBuildPhase section */

/* Begin PBXVariantGroup section */
		5B0B9B45246D102300D9BA7F /* LaunchScreen.storyboard */ = {
			isa = PBXVariantGroup;
			children = (
				5B0B9B46246D102300D9BA7F /* Base */,
			);
			name = LaunchScreen.storyboard;
			sourceTree = "<group>";
		};
/* End PBXVariantGroup section */

/* Begin XCBuildConfiguration section */
		5B0B9B5F246D102300D9BA7F /* Debug */ = {
			isa = XCBuildConfiguration;
			buildSettings = {
				ALWAYS_SEARCH_USER_PATHS = NO;
				CLANG_ANALYZER_NONNULL = YES;
				CLANG_ANALYZER_NUMBER_OBJECT_CONVERSION = YES_AGGRESSIVE;
				CLANG_CXX_LANGUAGE_STANDARD = "gnu++14";
				CLANG_CXX_LIBRARY = "libc++";
				CLANG_ENABLE_MODULES = YES;
				CLANG_ENABLE_OBJC_ARC = YES;
				CLANG_ENABLE_OBJC_WEAK = YES;
				CLANG_WARN_BLOCK_CAPTURE_AUTORELEASING = YES;
				CLANG_WARN_BOOL_CONVERSION = YES;
				CLANG_WARN_COMMA = YES;
				CLANG_WARN_CONSTANT_CONVERSION = YES;
				CLANG_WARN_DEPRECATED_OBJC_IMPLEMENTATIONS = YES;
				CLANG_WARN_DIRECT_OBJC_ISA_USAGE = YES_ERROR;
				CLANG_WARN_DOCUMENTATION_COMMENTS = YES;
				CLANG_WARN_EMPTY_BODY = YES;
				CLANG_WARN_ENUM_CONVERSION = YES;
				CLANG_WARN_INFINITE_RECURSION = YES;
				CLANG_WARN_INT_CONVERSION = YES;
				CLANG_WARN_NON_LITERAL_NULL_CONVERSION = YES;
				CLANG_WARN_OBJC_IMPLICIT_RETAIN_SELF = YES;
				CLANG_WARN_OBJC_LITERAL_CONVERSION = YES;
				CLANG_WARN_OBJC_ROOT_CLASS = YES_ERROR;
				CLANG_WARN_RANGE_LOOP_ANALYSIS = YES;
				CLANG_WARN_STRICT_PROTOTYPES = YES;
				CLANG_WARN_SUSPICIOUS_MOVE = YES;
				CLANG_WARN_UNGUARDED_AVAILABILITY = YES_AGGRESSIVE;
				CLANG_WARN_UNREACHABLE_CODE = YES;
				CLANG_WARN__DUPLICATE_METHOD_MATCH = YES;
				COPY_PHASE_STRIP = NO;
				DEBUG_INFORMATION_FORMAT = dwarf;
				ENABLE_STRICT_OBJC_MSGSEND = YES;
				ENABLE_TESTABILITY = YES;
				GCC_C_LANGUAGE_STANDARD = gnu11;
				GCC_DYNAMIC_NO_PIC = NO;
				GCC_NO_COMMON_BLOCKS = YES;
				GCC_OPTIMIZATION_LEVEL = 0;
				GCC_PREPROCESSOR_DEFINITIONS = (
					"DEBUG=1",
					"$(inherited)",
				);
				GCC_WARN_64_TO_32_BIT_CONVERSION = YES;
				GCC_WARN_ABOUT_RETURN_TYPE = YES_ERROR;
				GCC_WARN_UNDECLARED_SELECTOR = YES;
				GCC_WARN_UNINITIALIZED_AUTOS = YES_AGGRESSIVE;
				GCC_WARN_UNUSED_FUNCTION = YES;
				GCC_WARN_UNUSED_VARIABLE = YES;
				IPHONEOS_DEPLOYMENT_TARGET = 13.4;
				MTL_ENABLE_DEBUG_INFO = INCLUDE_SOURCE;
				MTL_FAST_MATH = YES;
				ONLY_ACTIVE_ARCH = YES;
				SDKROOT = iphoneos;
				SWIFT_ACTIVE_COMPILATION_CONDITIONS = DEBUG;
				SWIFT_OPTIMIZATION_LEVEL = "-Onone";
			};
			name = Debug;
		};
		5B0B9B60246D102300D9BA7F /* Release */ = {
			isa = XCBuildConfiguration;
			buildSettings = {
				ALWAYS_SEARCH_USER_PATHS = NO;
				CLANG_ANALYZER_NONNULL = YES;
				CLANG_ANALYZER_NUMBER_OBJECT_CONVERSION = YES_AGGRESSIVE;
				CLANG_CXX_LANGUAGE_STANDARD = "gnu++14";
				CLANG_CXX_LIBRARY = "libc++";
				CLANG_ENABLE_MODULES = YES;
				CLANG_ENABLE_OBJC_ARC = YES;
				CLANG_ENABLE_OBJC_WEAK = YES;
				CLANG_WARN_BLOCK_CAPTURE_AUTORELEASING = YES;
				CLANG_WARN_BOOL_CONVERSION = YES;
				CLANG_WARN_COMMA = YES;
				CLANG_WARN_CONSTANT_CONVERSION = YES;
				CLANG_WARN_DEPRECATED_OBJC_IMPLEMENTATIONS = YES;
				CLANG_WARN_DIRECT_OBJC_ISA_USAGE = YES_ERROR;
				CLANG_WARN_DOCUMENTATION_COMMENTS = YES;
				CLANG_WARN_EMPTY_BODY = YES;
				CLANG_WARN_ENUM_CONVERSION = YES;
				CLANG_WARN_INFINITE_RECURSION = YES;
				CLANG_WARN_INT_CONVERSION = YES;
				CLANG_WARN_NON_LITERAL_NULL_CONVERSION = YES;
				CLANG_WARN_OBJC_IMPLICIT_RETAIN_SELF = YES;
				CLANG_WARN_OBJC_LITERAL_CONVERSION = YES;
				CLANG_WARN_OBJC_ROOT_CLASS = YES_ERROR;
				CLANG_WARN_RANGE_LOOP_ANALYSIS = YES;
				CLANG_WARN_STRICT_PROTOTYPES = YES;
				CLANG_WARN_SUSPICIOUS_MOVE = YES;
				CLANG_WARN_UNGUARDED_AVAILABILITY = YES_AGGRESSIVE;
				CLANG_WARN_UNREACHABLE_CODE = YES;
				CLANG_WARN__DUPLICATE_METHOD_MATCH = YES;
				COPY_PHASE_STRIP = NO;
				DEBUG_INFORMATION_FORMAT = "dwarf-with-dsym";
				ENABLE_NS_ASSERTIONS = NO;
				ENABLE_STRICT_OBJC_MSGSEND = YES;
				GCC_C_LANGUAGE_STANDARD = gnu11;
				GCC_NO_COMMON_BLOCKS = YES;
				GCC_WARN_64_TO_32_BIT_CONVERSION = YES;
				GCC_WARN_ABOUT_RETURN_TYPE = YES_ERROR;
				GCC_WARN_UNDECLARED_SELECTOR = YES;
				GCC_WARN_UNINITIALIZED_AUTOS = YES_AGGRESSIVE;
				GCC_WARN_UNUSED_FUNCTION = YES;
				GCC_WARN_UNUSED_VARIABLE = YES;
				IPHONEOS_DEPLOYMENT_TARGET = 13.4;
				MTL_ENABLE_DEBUG_INFO = NO;
				MTL_FAST_MATH = YES;
				SDKROOT = iphoneos;
				SWIFT_COMPILATION_MODE = wholemodule;
				SWIFT_OPTIMIZATION_LEVEL = "-O";
				VALIDATE_PRODUCT = YES;
			};
			name = Release;
		};
		5B0B9B62246D102300D9BA7F /* Debug */ = {
			isa = XCBuildConfiguration;
			buildSettings = {
				ASSETCATALOG_COMPILER_APPICON_NAME = AppIcon;
				CODE_SIGN_STYLE = Automatic;
				DEVELOPMENT_ASSET_PATHS = "\"Namaz/Preview Content\"";
				ENABLE_PREVIEWS = YES;
				INFOPLIST_FILE = Namaz/SupportedFiles/Info.plist;
				LD_RUNPATH_SEARCH_PATHS = (
					"$(inherited)",
					"@executable_path/Frameworks",
				);
				PRODUCT_BUNDLE_IDENTIFIER = my.Namaz;
				PRODUCT_NAME = "$(TARGET_NAME)";
				SWIFT_VERSION = 5.0;
				TARGETED_DEVICE_FAMILY = "1,2";
			};
			name = Debug;
		};
		5B0B9B63246D102300D9BA7F /* Release */ = {
			isa = XCBuildConfiguration;
			buildSettings = {
				ASSETCATALOG_COMPILER_APPICON_NAME = AppIcon;
				CODE_SIGN_STYLE = Automatic;
				DEVELOPMENT_ASSET_PATHS = "\"Namaz/Preview Content\"";
				ENABLE_PREVIEWS = YES;
				INFOPLIST_FILE = Namaz/SupportedFiles/Info.plist;
				LD_RUNPATH_SEARCH_PATHS = (
					"$(inherited)",
					"@executable_path/Frameworks",
				);
				PRODUCT_BUNDLE_IDENTIFIER = my.Namaz;
				PRODUCT_NAME = "$(TARGET_NAME)";
				SWIFT_VERSION = 5.0;
				TARGETED_DEVICE_FAMILY = "1,2";
			};
			name = Release;
		};
/* End XCBuildConfiguration section */

/* Begin XCConfigurationList section */
		5B0B9B32246D101C00D9BA7F /* Build configuration list for PBXProject "Namaz" */ = {
			isa = XCConfigurationList;
			buildConfigurations = (
				5B0B9B5F246D102300D9BA7F /* Debug */,
				5B0B9B60246D102300D9BA7F /* Release */,
			);
			defaultConfigurationIsVisible = 0;
			defaultConfigurationName = Release;
		};
		5B0B9B61246D102300D9BA7F /* Build configuration list for PBXNativeTarget "Namaz" */ = {
			isa = XCConfigurationList;
			buildConfigurations = (
				5B0B9B62246D102300D9BA7F /* Debug */,
				5B0B9B63246D102300D9BA7F /* Release */,
			);
			defaultConfigurationIsVisible = 0;
			defaultConfigurationName = Release;
		};
/* End XCConfigurationList section */

/* Begin XCRemoteSwiftPackageReference section */
		5B0B9B6A246D4C7000D9BA7F /* XCRemoteSwiftPackageReference "adhan-swift" */ = {
			isa = XCRemoteSwiftPackageReference;
			repositoryURL = "https://github.com/batoulapps/adhan-swift";
			requirement = {
				kind = upToNextMajorVersion;
				minimumVersion = 1.2.0;
			};
		};
/* End XCRemoteSwiftPackageReference section */

/* Begin XCSwiftPackageProductDependency section */
		5B0B9B6B246D4C7000D9BA7F /* Adhan */ = {
			isa = XCSwiftPackageProductDependency;
			package = 5B0B9B6A246D4C7000D9BA7F /* XCRemoteSwiftPackageReference "adhan-swift" */;
			productName = Adhan;
		};
/* End XCSwiftPackageProductDependency section */
	};
	rootObject = 5B0B9B2F246D101C00D9BA7F /* Project object */;
}
